
Microsoft Visual Studio Solution File, Format Version 12.00
# Visual Studio Version 16
VisualStudioVersion = 16.0.31410.357
MinimumVisualStudioVersion = 10.0.40219.1
Project("{FAE04EC0-301F-11D3-BF4B-00C04F79EFBC}") = "Jagged_Arrays", "Jagged_Arrays\Jagged_Arrays.csproj", "{C1F6650B-2AF9-4ED3-B5A2-465C64B520DC}"
EndProject
Global
	GlobalSection(SolutionConfigurationPlatforms) = preSolution
		Debug|Any CPU = Debug|Any CPU
		Release|Any CPU = Release|Any CPU
	EndGlobalSection
	GlobalSection(ProjectConfigurationPlatforms) = postSolution
		{C1F6650B-2AF9-4ED3-B5A2-465C64B520DC}.Debug|Any CPU.ActiveCfg = Debug|Any CPU
		{C1F6650B-2AF9-4ED3-B5A2-465C64B520DC}.Debug|Any CPU.Build.0 = Debug|Any CPU
		{C1F6650B-2AF9-4ED3-B5A2-465C64B520DC}.Release|Any CPU.ActiveCfg = Release|Any CPU
		{C1F6650B-2AF9-4ED3-B5A2-465C64B520DC}.Release|Any CPU.Build.0 = Release|Any CPU
	EndGlobalSection
	GlobalSection(SolutionProperties) = preSolution
		HideSolutionNode = FALSE
	EndGlobalSection
	GlobalSection(ExtensibilityGlobals) = postSolution
		SolutionGuid = {19C72AAF-C1D9-4F9E-A3C3-2954AB6FAF0C}
	EndGlobalSection
EndGlobal
